// !$*UTF8*$!
{
	archiveVersion = 1;
	classes = {
	};
	objectVersion = 45;
	objects = {

/* Begin PBXBuildFile section */
		38CBCA250E7A68CA00EFBB9B /* sparql.cpp in Sources */ = {isa = PBXBuildFile; fileRef = 38C1F1160E76740700FCDC3F /* sparql.cpp */; };
		38CBCA3C0E7A6B4D00EFBB9B /* libSpiritSPARQL.dylib in Frameworks */ = {isa = PBXBuildFile; fileRef = 38CBCA210E7A686E00EFBB9B /* libSpiritSPARQL.dylib */; };
		8DD76F650486A84900D96B5E /* main.cpp in Sources */ = {isa = PBXBuildFile; fileRef = 08FB7796FE84155DC02AAC07 /* main.cpp */; settings = {ATTRIBUTES = (); }; };
		8DD76F6A0486A84900D96B5E /* xSWO.1 in CopyFiles */ = {isa = PBXBuildFile; fileRef = C6859E8B029090EE04C91782 /* xSWO.1 */; };
/* End PBXBuildFile section */

/* Begin PBXContainerItemProxy section */
		38CBCA420E7A6B8A00EFBB9B /* PBXContainerItemProxy */ = {
			isa = PBXContainerItemProxy;
			containerPortal = 08FB7793FE84155DC02AAC07 /* Project object */;
			proxyType = 1;
			remoteGlobalIDString = 38CBCA200E7A686E00EFBB9B;
			remoteInfo = SpiritSPARQL;
		};
/* End PBXContainerItemProxy section */

/* Begin PBXCopyFilesBuildPhase section */
		8DD76F690486A84900D96B5E /* CopyFiles */ = {
			isa = PBXCopyFilesBuildPhase;
			buildActionMask = 8;
			dstPath = /usr/share/man/man1/;
			dstSubfolderSpec = 0;
			files = (
				8DD76F6A0486A84900D96B5E /* xSWO.1 in CopyFiles */,
			);
			runOnlyForDeploymentPostprocessing = 1;
		};
/* End PBXCopyFilesBuildPhase section */

/* Begin PBXFileReference section */
		08FB7796FE84155DC02AAC07 /* main.cpp */ = {isa = PBXFileReference; fileEncoding = 4; lastKnownFileType = sourcecode.cpp.cpp; path = main.cpp; sourceTree = "<group>"; };
		38C1F1150E76740700FCDC3F /* sparql.h */ = {isa = PBXFileReference; fileEncoding = 4; lastKnownFileType = sourcecode.c.h; path = sparql.h; sourceTree = "<group>"; };
		38C1F1160E76740700FCDC3F /* sparql.cpp */ = {isa = PBXFileReference; fileEncoding = 4; lastKnownFileType = sourcecode.cpp.cpp; path = sparql.cpp; sourceTree = "<group>"; };
		38CBCA210E7A686E00EFBB9B /* libSpiritSPARQL.dylib */ = {isa = PBXFileReference; explicitFileType = "compiled.mach-o.dylib"; includeInIndex = 0; path = libSpiritSPARQL.dylib; sourceTree = BUILT_PRODUCTS_DIR; };
		8DD76F6C0486A84900D96B5E /* xSWO */ = {isa = PBXFileReference; explicitFileType = "compiled.mach-o.executable"; includeInIndex = 0; path = xSWO; sourceTree = BUILT_PRODUCTS_DIR; };
		C6859E8B029090EE04C91782 /* xSWO.1 */ = {isa = PBXFileReference; lastKnownFileType = text.man; path = xSWO.1; sourceTree = "<group>"; };
/* End PBXFileReference section */

/* Begin PBXFrameworksBuildPhase section */
		38CBCA1F0E7A686E00EFBB9B /* Frameworks */ = {
			isa = PBXFrameworksBuildPhase;
			buildActionMask = 2147483647;
			files = (
			);
			runOnlyForDeploymentPostprocessing = 0;
		};
		8DD76F660486A84900D96B5E /* Frameworks */ = {
			isa = PBXFrameworksBuildPhase;
			buildActionMask = 2147483647;
			files = (
				38CBCA3C0E7A6B4D00EFBB9B /* libSpiritSPARQL.dylib in Frameworks */,
			);
			runOnlyForDeploymentPostprocessing = 0;
		};
/* End PBXFrameworksBuildPhase section */

/* Begin PBXGroup section */
		08FB7794FE84155DC02AAC07 /* xSWO */ = {
			isa = PBXGroup;
			children = (
				08FB7795FE84155DC02AAC07 /* Source */,
				C6859E8C029090F304C91782 /* Documentation */,
				1AB674ADFE9D54B511CA2CBB /* Products */,
			);
			name = xSWO;
			sourceTree = "<group>";
		};
		08FB7795FE84155DC02AAC07 /* Source */ = {
			isa = PBXGroup;
			children = (
				38C1F1150E76740700FCDC3F /* sparql.h */,
				38C1F1160E76740700FCDC3F /* sparql.cpp */,
				08FB7796FE84155DC02AAC07 /* main.cpp */,
			);
			name = Source;
			sourceTree = "<group>";
		};
		1AB674ADFE9D54B511CA2CBB /* Products */ = {
			isa = PBXGroup;
			children = (
				8DD76F6C0486A84900D96B5E /* xSWO */,
				38CBCA210E7A686E00EFBB9B /* libSpiritSPARQL.dylib */,
			);
			name = Products;
			sourceTree = "<group>";
		};
		C6859E8C029090F304C91782 /* Documentation */ = {
			isa = PBXGroup;
			children = (
				C6859E8B029090EE04C91782 /* xSWO.1 */,
			);
			name = Documentation;
			sourceTree = "<group>";
		};
/* End PBXGroup section */

/* Begin PBXHeadersBuildPhase section */
		38CBCA1D0E7A686E00EFBB9B /* Headers */ = {
			isa = PBXHeadersBuildPhase;
			buildActionMask = 2147483647;
			files = (
			);
			runOnlyForDeploymentPostprocessing = 0;
		};
/* End PBXHeadersBuildPhase section */

/* Begin PBXLegacyTarget section */
		38CBC9DF0E7A523200EFBB9B /* all */ = {
			isa = PBXLegacyTarget;
			buildArgumentsString = "tool test";
			buildConfigurationList = 38CBC9E30E7A526A00EFBB9B /* Build configuration list for PBXLegacyTarget "all" */;
			buildPhases = (
			);
			buildToolPath = /usr/bin/make;
			buildWorkingDirectory = /Users/jim/work/xSWO;
			dependencies = (
			);
			name = all;
			passBuildSettingsInEnvironment = 1;
			productName = all;
		};
/* End PBXLegacyTarget section */

/* Begin PBXNativeTarget section */
		38CBCA200E7A686E00EFBB9B /* SpiritSPARQL */ = {
			isa = PBXNativeTarget;
			buildConfigurationList = 38CBCA240E7A688D00EFBB9B /* Build configuration list for PBXNativeTarget "SpiritSPARQL" */;
			buildPhases = (
				38CBCA1D0E7A686E00EFBB9B /* Headers */,
				38CBCA1E0E7A686E00EFBB9B /* Sources */,
				38CBCA1F0E7A686E00EFBB9B /* Frameworks */,
			);
			buildRules = (
			);
			dependencies = (
			);
			name = SpiritSPARQL;
			productName = SpiritSPARQL;
			productReference = 38CBCA210E7A686E00EFBB9B /* libSpiritSPARQL.dylib */;
			productType = "com.apple.product-type.library.dynamic";
		};
		8DD76F620486A84900D96B5E /* xSWO */ = {
			isa = PBXNativeTarget;
			buildConfigurationList = 1DEB923108733DC60010E9CD /* Build configuration list for PBXNativeTarget "xSWO" */;
			buildPhases = (
				8DD76F640486A84900D96B5E /* Sources */,
				8DD76F660486A84900D96B5E /* Frameworks */,
				8DD76F690486A84900D96B5E /* CopyFiles */,
			);
			buildRules = (
			);
			dependencies = (
				38CBCA430E7A6B8A00EFBB9B /* PBXTargetDependency */,
			);
			name = xSWO;
			productInstallPath = "$(HOME)/bin";
			productName = xSWO;
			productReference = 8DD76F6C0486A84900D96B5E /* xSWO */;
			productType = "com.apple.product-type.tool";
		};
/* End PBXNativeTarget section */

/* Begin PBXProject section */
		08FB7793FE84155DC02AAC07 /* Project object */ = {
			isa = PBXProject;
			attributes = {
				BuildIndependentTargetsInParallel = YES;
			};
			buildConfigurationList = 1DEB923508733DC60010E9CD /* Build configuration list for PBXProject "xSWO" */;
			compatibilityVersion = "Xcode 3.1";
			hasScannedForEncodings = 1;
			mainGroup = 08FB7794FE84155DC02AAC07 /* xSWO */;
			projectDirPath = "";
			projectRoot = "";
			targets = (
				8DD76F620486A84900D96B5E /* xSWO */,
				38CBC9DF0E7A523200EFBB9B /* all */,
				38CBCA200E7A686E00EFBB9B /* SpiritSPARQL */,
			);
		};
/* End PBXProject section */

/* Begin PBXSourcesBuildPhase section */
		38CBCA1E0E7A686E00EFBB9B /* Sources */ = {
			isa = PBXSourcesBuildPhase;
			buildActionMask = 2147483647;
			files = (
				38CBCA250E7A68CA00EFBB9B /* sparql.cpp in Sources */,
			);
			runOnlyForDeploymentPostprocessing = 0;
		};
		8DD76F640486A84900D96B5E /* Sources */ = {
			isa = PBXSourcesBuildPhase;
			buildActionMask = 2147483647;
			files = (
				8DD76F650486A84900D96B5E /* main.cpp in Sources */,
			);
			runOnlyForDeploymentPostprocessing = 0;
		};
/* End PBXSourcesBuildPhase section */

/* Begin PBXTargetDependency section */
		38CBCA430E7A6B8A00EFBB9B /* PBXTargetDependency */ = {
			isa = PBXTargetDependency;
			target = 38CBCA200E7A686E00EFBB9B /* SpiritSPARQL */;
			targetProxy = 38CBCA420E7A6B8A00EFBB9B /* PBXContainerItemProxy */;
		};
/* End PBXTargetDependency section */

/* Begin XCBuildConfiguration section */
		1DEB923208733DC60010E9CD /* Debug */ = {
			isa = XCBuildConfiguration;
			buildSettings = {
				ALWAYS_SEARCH_USER_PATHS = NO;
				COPY_PHASE_STRIP = NO;
				GCC_DYNAMIC_NO_PIC = NO;
				GCC_ENABLE_FIX_AND_CONTINUE = YES;
				GCC_MODEL_TUNING = G5;
				GCC_OPTIMIZATION_LEVEL = 0;
				GCC_PREPROCESSOR_DEFINITIONS = (
					"_GLIBCXX_DEBUG=1",
					"_GLIBCXX_DEBUG_PEDANTIC=1",
				);
				INSTALL_PATH = /usr/local/bin;
				PRODUCT_NAME = xSWO;
			};
			name = Debug;
		};
		1DEB923308733DC60010E9CD /* Release */ = {
			isa = XCBuildConfiguration;
			buildSettings = {
				ALWAYS_SEARCH_USER_PATHS = NO;
				DEBUG_INFORMATION_FORMAT = "dwarf-with-dsym";
				GCC_MODEL_TUNING = G5;
				INSTALL_PATH = /usr/local/bin;
				PRODUCT_NAME = xSWO;
			};
			name = Release;
		};
		1DEB923608733DC60010E9CD /* Debug */ = {
			isa = XCBuildConfiguration;
			buildSettings = {
				BOOST_INC = "${BOOST_PREFIX}/include/boost-${BOOST_VER}/";
				BOOST_PREFIX = /usr/local;
				BOOST_VER = 1_36;
				CURRENT_PROJECT_VERSION = 0.2;
				EXCLUDED_RECURSIVE_SEARCH_PATH_SUBDIRECTORIES = "*.git *.nib *.lproj *.framework *.gch *.xcode* (*) CVS .svn";
				GCC_OPTIMIZATION_LEVEL = 0;
				GCC_WARN_ABOUT_RETURN_TYPE = YES;
				GCC_WARN_UNUSED_VARIABLE = YES;
				HEADER_SEARCH_PATHS = "$(BOOST_INC)";
				PREBINDING = NO;
			};
			name = Debug;
		};
		1DEB923708733DC60010E9CD /* Release */ = {
			isa = XCBuildConfiguration;
			buildSettings = {
				BOOST_INC = "${BOOST_PREFIX}/include/boost-${BOOST_VER}/";
				BOOST_PREFIX = /usr/local;
				BOOST_VER = 1_36;
				CURRENT_PROJECT_VERSION = 0.2;
				EXCLUDED_RECURSIVE_SEARCH_PATH_SUBDIRECTORIES = "*.git *.nib *.lproj *.framework *.gch *.xcode* (*) CVS .svn";
				GCC_WARN_ABOUT_RETURN_TYPE = YES;
				GCC_WARN_UNUSED_VARIABLE = YES;
				HEADER_SEARCH_PATHS = "$(BOOST_INC)";
				PREBINDING = NO;
			};
			name = Release;
		};
		38CBC9E00E7A523200EFBB9B /* Debug */ = {
			isa = XCBuildConfiguration;
			buildSettings = {
				COPY_PHASE_STRIP = NO;
				GCC_DYNAMIC_NO_PIC = NO;
				GCC_OPTIMIZATION_LEVEL = 0;
				PRODUCT_NAME = tool;
			};
			name = Debug;
		};
		38CBC9E10E7A523200EFBB9B /* Release */ = {
			isa = XCBuildConfiguration;
			buildSettings = {
				COPY_PHASE_STRIP = YES;
				DEBUG_INFORMATION_FORMAT = "dwarf-with-dsym";
				GCC_ENABLE_FIX_AND_CONTINUE = NO;
				PRODUCT_NAME = all;
				ZERO_LINK = NO;
			};
			name = Release;
		};
		38CBCA220E7A686F00EFBB9B /* Debug */ = {
			isa = XCBuildConfiguration;
			buildSettings = {
				ALWAYS_SEARCH_USER_PATHS = NO;
				COPY_PHASE_STRIP = NO;
				EXECUTABLE_PREFIX = lib;
				GCC_DYNAMIC_NO_PIC = NO;
				GCC_ENABLE_FIX_AND_CONTINUE = YES;
				GCC_MODEL_TUNING = G5;
				GCC_OPTIMIZATION_LEVEL = 0;
				INSTALL_PATH = /usr/local/lib;
				PREBINDING = NO;
				PRODUCT_NAME = SpiritSPARQL;
				SCAN_ALL_SOURCE_FILES_FOR_INCLUDES = YES;
				SKIP_INSTALL = NO;
			};
			name = Debug;
		};
		38CBCA230E7A686F00EFBB9B /* Release */ = {
			isa = XCBuildConfiguration;
			buildSettings = {
				ALWAYS_SEARCH_USER_PATHS = NO;
				COPY_PHASE_STRIP = YES;
				DEBUG_INFORMATION_FORMAT = "dwarf-with-dsym";
				EXECUTABLE_PREFIX = lib;
				GCC_ENABLE_FIX_AND_CONTINUE = NO;
				GCC_MODEL_TUNING = G5;
				INSTALL_PATH = /usr/local/lib;
				PREBINDING = NO;
				PRODUCT_NAME = SpiritSPARQL;
				SCAN_ALL_SOURCE_FILES_FOR_INCLUDES = YES;
				SKIP_INSTALL = NO;
				ZERO_LINK = NO;
			};
			name = Release;
		};
/* End XCBuildConfiguration section */

/* Begin XCConfigurationList section */
		1DEB923108733DC60010E9CD /* Build configuration list for PBXNativeTarget "xSWO" */ = {
			isa = XCConfigurationList;
			buildConfigurations = (
				1DEB923208733DC60010E9CD /* Debug */,
				1DEB923308733DC60010E9CD /* Release */,
			);
			defaultConfigurationIsVisible = 0;
			defaultConfigurationName = Release;
		};
		1DEB923508733DC60010E9CD /* Build configuration list for PBXProject "xSWO" */ = {
			isa = XCConfigurationList;
			buildConfigurations = (
				1DEB923608733DC60010E9CD /* Debug */,
				1DEB923708733DC60010E9CD /* Release */,
			);
			defaultConfigurationIsVisible = 0;
			defaultConfigurationName = Release;
		};
		38CBC9E30E7A526A00EFBB9B /* Build configuration list for PBXLegacyTarget "all" */ = {
			isa = XCConfigurationList;
			buildConfigurations = (
				38CBC9E00E7A523200EFBB9B /* Debug */,
				38CBC9E10E7A523200EFBB9B /* Release */,
			);
			defaultConfigurationIsVisible = 0;
			defaultConfigurationName = Release;
		};
		38CBCA240E7A688D00EFBB9B /* Build configuration list for PBXNativeTarget "SpiritSPARQL" */ = {
			isa = XCConfigurationList;
			buildConfigurations = (
				38CBCA220E7A686F00EFBB9B /* Debug */,
				38CBCA230E7A686F00EFBB9B /* Release */,
			);
			defaultConfigurationIsVisible = 0;
			defaultConfigurationName = Release;
		};
/* End XCConfigurationList section */
	};
	rootObject = 08FB7793FE84155DC02AAC07 /* Project object */;
}
